Microsoft Visual Studio Solution File, Format Version 12.00
# Visual Studio Version 17
VisualStudioVersion = 17.5.2.0
MinimumVisualStudioVersion = 10.0.40219.1
Project("{FAE04EC0-301F-11D3-BF4B-00C04F79EFBC}") = "OdooBackend", "OdooBackend.csproj", "{20476DEB-7D73-936E-9385-A985CD833857}"
EndProject
Global
	GlobalSection(SolutionConfigurationPlatforms) = preSolution
		Debug|Any CPU = Debug|Any CPU
		Release|Any CPU = Release|Any CPU
	EndGlobalSection
	GlobalSection(ProjectConfigurationPlatforms) = postSolution
		{20476DEB-7D73-936E-9385-A985CD833857}.Debug|Any CPU.ActiveCfg = Debug|Any CPU
		{20476DEB-7D73-936E-9385-A985CD833857}.Debug|Any CPU.Build.0 = Debug|Any CPU
		{20476DEB-7D73-936E-9385-A985CD833857}.Release|Any CPU.ActiveCfg = Release|Any CPU
		{20476DEB-7D73-936E-9385-A985CD833857}.Release|Any CPU.Build.0 = Release|Any CPU
	EndGlobalSection
	GlobalSection(SolutionProperties) = preSolution
		HideSolutionNode = FALSE
	EndGlobalSection
	GlobalSection(ExtensibilityGlobals) = postSolution
		SolutionGuid = {EEEEEF7F-D8FF-492E-9DBB-36EB1A3ACDB2}
	EndGlobalSection
EndGlobal
